<?xml version="1.0" encoding="utf-8"?>
<Project ToolsVersion="4.0" xmlns="http://schemas.microsoft.com/developer/msbuild/2003">
  <ItemGroup>
    <Filter Include="Source Files">
      <UniqueIdentifier>{4FC737F1-C7A5-4376-A066-2A32D752A2FF}</UniqueIdentifier>
      <Extensions>cpp;c;cc;cxx;c++;cppm;ixx;def;odl;idl;hpj;bat;asm;asmx</Extensions>
    </Filter>
    <Filter Include="Header Files">
      <UniqueIdentifier>{93995380-89BD-4b04-88EB-625FBE52EBFB}</UniqueIdentifier>
      <Extensions>h;hh;hpp;hxx;h++;hm;inl;inc;ipp;xsd</Extensions>
    </Filter>
    <Filter Include="Resource Files">
      <UniqueIdentifier>{67DA6AB6-F800-4c08-8B7A-83BB121AAD01}</UniqueIdentifier>
      <Extensions>rc;ico;cur;bmp;dlg;rc2;rct;bin;rgs;gif;jpg;jpeg;jpe;resx;tiff;tif;png;wav;mfcribbon-ms</Extensions>
    </Filter>
  </ItemGroup>
  <ItemGroup>
    <ClInclude Include="src\DxIncludes.h">
      <Filter>Source Files</Filter>
    </ClInclude>
    <ClInclude Include="src\lbEngine.h">
      <Filter>Source Files</Filter>
    </ClInclude>
    <ClInclude Include="src\lbDrawable\lbPipeline\lbPipelineComponents\lbConstantBuffer.h">
      <Filter>Header Files</Filter>
    </ClInclude>
    <ClInclude Include="src\lbDrawable\lbPipeline\lbPipelineComponents\lbCustomBindable.h">
      <Filter>Header Files</Filter>
    </ClInclude>
    <ClInclude Include="src\lbDrawable\lbPipeline\lbPipelineComponents\lbDepthStencil.h">
      <Filter>Header Files</Filter>
    </ClInclude>
    <ClInclude Include="src\lbDrawable\lbPipeline\lbPipelineComponents\lbDrawRenderTopology.h">
      <Filter>Header Files</Filter>
    </ClInclude>
    <ClInclude Include="src\lbDrawable\lbPipeline\lbPipelineComponents\lbIndexBuffer.h">
      <Filter>Header Files</Filter>
    </ClInclude>
    <ClInclude Include="src\lbDrawable\lbPipeline\lbPipelineComponents\lbInputLayout.h">
      <Filter>Header Files</Filter>
    </ClInclude>
    <ClInclude Include="src\lbDrawable\lbPipeline\lbPipelineComponents\lbPixelShader.h">
      <Filter>Header Files</Filter>
    </ClInclude>
    <ClInclude Include="src\lbDrawable\lbPipeline\lbPipelineComponents\lbRasterizer.h">
      <Filter>Header Files</Filter>
    </ClInclude>
    <ClInclude Include="src\lbDrawable\lbPipeline\lbPipelineComponents\lbVertexBuffer.h">
      <Filter>Header Files</Filter>
    </ClInclude>
    <ClInclude Include="src\lbDrawable\lbPipeline\lbPipelineComponents\lbVertexShader.h">
      <Filter>Header Files</Filter>
    </ClInclude>
    <ClInclude Include="src\lbDrawable\lbPipeline\lbPipelineComponents\lbViewport.h">
      <Filter>Header Files</Filter>
    </ClInclude>
    <ClInclude Include="src\lbDrawable\lbPipeline\lbPipelineComponent.h">
      <Filter>Header Files</Filter>
    </ClInclude>
    <ClInclude Include="src\lbDrawable\lbPipeline\lbPipelineObject.h">
      <Filter>Header Files</Filter>
    </ClInclude>
    <ClInclude Include="src\lbDrawable\lbDrawable.h">
      <Filter>Header Files</Filter>
    </ClInclude>
    <ClInclude Include="src\lbError\lbException.h">
      <Filter>Header Files</Filter>
    </ClInclude>
    <ClInclude Include="src\lbError\lbLogger.h">
      <Filter>Header Files</Filter>
    </ClInclude>
    <ClInclude Include="src\lbCompounds\lbPrimitives\lbDefaultPrimitive\lbDefaultPrimitive.h">
      <Filter>Header Files</Filter>
    </ClInclude>
    <ClInclude Include="src\lbCompounds\lbPrimitives\lbBox.h">
      <Filter>Header Files</Filter>
    </ClInclude>
    <ClInclude Include="src\lbCompounds\lbPrimitives\lbRect.h">
      <Filter>Header Files</Filter>
    </ClInclude>
    <ClInclude Include="src\lbWindow\lbWindow.h">
      <Filter>Header Files</Filter>
    </ClInclude>
    <ClInclude Include="src\lbgfx.h">
      <Filter>Header Files</Filter>
    </ClInclude>
    <ClInclude Include="src\Dependencies\External\imgui\lb_imgui_impl.h">
      <Filter>Header Files</Filter>
    </ClInclude>
    <ClInclude Include="src\Dependencies\Matrix\Matrix.h">
      <Filter>Header Files</Filter>
    </ClInclude>
    <ClInclude Include="src\lbUtils\lbUtils.h">
      <Filter>Header Files</Filter>
    </ClInclude>
    <ClInclude Include="src\lbCamera\lbCamera.h">
      <Filter>Header Files</Filter>
    </ClInclude>
    <ClInclude Include="src\Dependencies\Matrix\Matrix_gfx_utils.h">
      <Filter>Header Files</Filter>
    </ClInclude>
    <ClInclude Include="src\lbCompounds\lbPaths\lbPath.h">
      <Filter>Header Files</Filter>
    </ClInclude>
    <ClInclude Include="src\Dependencies\SotfP\OTF\CFF\CFF.h">
      <Filter>Header Files</Filter>
    </ClInclude>
    <ClInclude Include="src\Dependencies\SotfP\OTF\CMAP\CMAP.h">
      <Filter>Header Files</Filter>
    </ClInclude>
    <ClInclude Include="src\Dependencies\SotfP\OTF\OTF.h">
      <Filter>Header Files</Filter>
    </ClInclude>
    <ClInclude Include="src\Dependencies\SotfP\SotfP.h">
      <Filter>Header Files</Filter>
    </ClInclude>
    <ClInclude Include="src\Dependencies\SotfP\utils.h">
      <Filter>Header Files</Filter>
    </ClInclude>
    <ClInclude Include="src\lbCompounds\lbPaths\lbString2D.h">
      <Filter>Header Files</Filter>
    </ClInclude>
  </ItemGroup>
  <ItemGroup>
    <ClCompile Include="src\WinMain.cpp">
      <Filter>Source Files</Filter>
    </ClCompile>
    <ClCompile Include="src\lbDrawable\lbPipeline\lbPipelineComponents\lbCustomBindable.cpp">
      <Filter>Source Files</Filter>
    </ClCompile>
    <ClCompile Include="src\lbDrawable\lbPipeline\lbPipelineComponents\lbDepthStencil.cpp">
      <Filter>Source Files</Filter>
    </ClCompile>
    <ClCompile Include="src\lbDrawable\lbPipeline\lbPipelineComponents\lbDrawRenderTopology.cpp">
      <Filter>Source Files</Filter>
    </ClCompile>
    <ClCompile Include="src\lbDrawable\lbPipeline\lbPipelineComponents\lbIndexBuffer.cpp">
      <Filter>Source Files</Filter>
    </ClCompile>
    <ClCompile Include="src\lbDrawable\lbPipeline\lbPipelineComponents\lbInputLayout.cpp">
      <Filter>Source Files</Filter>
    </ClCompile>
    <ClCompile Include="src\lbDrawable\lbPipeline\lbPipelineComponents\lbPixelShader.cpp">
      <Filter>Source Files</Filter>
    </ClCompile>
    <ClCompile Include="src\lbDrawable\lbPipeline\lbPipelineComponents\lbRasterizer.cpp">
      <Filter>Source Files</Filter>
    </ClCompile>
    <ClCompile Include="src\lbDrawable\lbPipeline\lbPipelineComponents\lbVertexShader.cpp">
      <Filter>Source Files</Filter>
    </ClCompile>
    <ClCompile Include="src\lbDrawable\lbPipeline\lbPipelineComponents\lbViewport.cpp">
      <Filter>Source Files</Filter>
    </ClCompile>
    <ClCompile Include="src\lbDrawable\lbPipeline\lbPipelineObject.cpp">
      <Filter>Source Files</Filter>
    </ClCompile>
    <ClCompile Include="src\lbError\lbException.cpp">
      <Filter>Source Files</Filter>
    </ClCompile>
    <ClCompile Include="src\lbCompounds\lbPrimitives\lbDefaultPrimitive\lbDefaultPrimitive.cpp">
      <Filter>Source Files</Filter>
    </ClCompile>
    <ClCompile Include="src\lbCompounds\lbPrimitives\lbRect.cpp">
      <Filter>Source Files</Filter>
    </ClCompile>
    <ClCompile Include="src\Dependencies\External\imgui\lb_imgui_impl.cpp">
      <Filter>Source Files</Filter>
    </ClCompile>
    <ClCompile Include="src\lbError\lbLogger.cpp">
      <Filter>Source Files</Filter>
    </ClCompile>
    <ClCompile Include="src\lbCompounds\lbPrimitives\lbBox.cpp">
      <Filter>Source Files</Filter>
    </ClCompile>
    <ClCompile Include="src\Examples\ImGui_impl_example.cpp">
      <Filter>Source Files</Filter>
    </ClCompile>
    <ClCompile Include="src\Examples\minimal_example.cpp">
      <Filter>Source Files</Filter>
    </ClCompile>
    <ClCompile Include="src\lbUtils\lbUtils.cpp">
      <Filter>Source Files</Filter>
    </ClCompile>
    <ClCompile Include="src\lbCamera\lbCamera.cpp">
      <Filter>Source Files</Filter>
    </ClCompile>
    <ClCompile Include="src\lbCompounds\lbPaths\lbPath.cpp">
      <Filter>Source Files</Filter>
    </ClCompile>
    <ClCompile Include="src\Dependencies\SotfP\OTF\CFF\CFF.cpp">
      <Filter>Source Files</Filter>
    </ClCompile>
    <ClCompile Include="src\Dependencies\SotfP\OTF\CMAP\CMAP.cpp">
      <Filter>Source Files</Filter>
    </ClCompile>
    <ClCompile Include="src\Dependencies\SotfP\OTF\OTF.cpp">
      <Filter>Source Files</Filter>
    </ClCompile>
    <ClCompile Include="src\Dependencies\SotfP\SotfP.cpp">
      <Filter>Source Files</Filter>
    </ClCompile>
    <ClCompile Include="src\lbCompounds\lbPaths\lbString2D.cpp">
      <Filter>Source Files</Filter>
    </ClCompile>
  </ItemGroup>
  <ItemGroup>
    <FxCompile Include="src\Shaders\PSDefault3D.hlsl" />
    <FxCompile Include="src\Shaders\PSDefaultUI.hlsl" />
    <FxCompile Include="src\Shaders\VSDefault3D.hlsl" />
    <FxCompile Include="src\Shaders\VSDefaultUI.hlsl" />
  </ItemGroup>
</Project>